
Microsoft Visual Studio Solution File, Format Version 12.00
# Visual Studio Version 17
VisualStudioVersion = 17.2.32526.322
MinimumVisualStudioVersion = 10.0.40219.1
Project("{FAE04EC0-301F-11D3-BF4B-00C04F79EFBC}") = "Generics2", "Generics2\Generics2.csproj", "{A3BB3D87-5C13-429B-8DE4-00283B7BEE56}"
EndProject
Global
	GlobalSection(SolutionConfigurationPlatforms) = preSolution
		Debug|Any CPU = Debug|Any CPU
		Release|Any CPU = Release|Any CPU
	EndGlobalSection
	GlobalSection(ProjectConfigurationPlatforms) = postSolution
		{A3BB3D87-5C13-429B-8DE4-00283B7BEE56}.Debug|Any CPU.ActiveCfg = Debug|Any CPU
		{A3BB3D87-5C13-429B-8DE4-00283B7BEE56}.Debug|Any CPU.Build.0 = Debug|Any CPU
		{A3BB3D87-5C13-429B-8DE4-00283B7BEE56}.Release|Any CPU.ActiveCfg = Release|Any CPU
		{A3BB3D87-5C13-429B-8DE4-00283B7BEE56}.Release|Any CPU.Build.0 = Release|Any CPU
	EndGlobalSection
	GlobalSection(SolutionProperties) = preSolution
		HideSolutionNode = FALSE
	EndGlobalSection
	GlobalSection(ExtensibilityGlobals) = postSolution
		SolutionGuid = {C898968E-0971-4F02-84DB-E3EF283F7D74}
	EndGlobalSection
EndGlobal
