
Microsoft Visual Studio Solution File, Format Version 12.00
# Visual Studio Version 17
VisualStudioVersion = 17.2.32526.322
MinimumVisualStudioVersion = 10.0.40219.1
Project("{FAE04EC0-301F-11D3-BF4B-00C04F79EFBC}") = "GenericsWithRestrictions", "Generics3\GenericsWithRestrictions.csproj", "{81D3D62F-4E0E-4FF9-9A23-910C6D5A6839}"
EndProject
Global
	GlobalSection(SolutionConfigurationPlatforms) = preSolution
		Debug|Any CPU = Debug|Any CPU
		Release|Any CPU = Release|Any CPU
	EndGlobalSection
	GlobalSection(ProjectConfigurationPlatforms) = postSolution
		{81D3D62F-4E0E-4FF9-9A23-910C6D5A6839}.Debug|Any CPU.ActiveCfg = Debug|Any CPU
		{81D3D62F-4E0E-4FF9-9A23-910C6D5A6839}.Debug|Any CPU.Build.0 = Debug|Any CPU
		{81D3D62F-4E0E-4FF9-9A23-910C6D5A6839}.Release|Any CPU.ActiveCfg = Release|Any CPU
		{81D3D62F-4E0E-4FF9-9A23-910C6D5A6839}.Release|Any CPU.Build.0 = Release|Any CPU
	EndGlobalSection
	GlobalSection(SolutionProperties) = preSolution
		HideSolutionNode = FALSE
	EndGlobalSection
	GlobalSection(ExtensibilityGlobals) = postSolution
		SolutionGuid = {360162C4-753F-4BA2-8AF1-9E156F21388F}
	EndGlobalSection
EndGlobal
